
Microsoft Visual Studio Solution File, Format Version 12.00
# Visual Studio Version 16
VisualStudioVersion = 16.0.31729.503
MinimumVisualStudioVersion = 10.0.40219.1
Project("{FAE04EC0-301F-11D3-BF4B-00C04F79EFBC}") = "projet", "projet\projet.csproj", "{88E7E760-1374-4E46-B519-597AEAF842C7}"
EndProject
Global
	GlobalSection(SolutionConfigurationPlatforms) = preSolution
		Debug|Any CPU = Debug|Any CPU
		Release|Any CPU = Release|Any CPU
	EndGlobalSection
	GlobalSection(ProjectConfigurationPlatforms) = postSolution
		{88E7E760-1374-4E46-B519-597AEAF842C7}.Debug|Any CPU.ActiveCfg = Debug|Any CPU
		{88E7E760-1374-4E46-B519-597AEAF842C7}.Debug|Any CPU.Build.0 = Debug|Any CPU
		{88E7E760-1374-4E46-B519-597AEAF842C7}.Release|Any CPU.ActiveCfg = Release|Any CPU
		{88E7E760-1374-4E46-B519-597AEAF842C7}.Release|Any CPU.Build.0 = Release|Any CPU
	EndGlobalSection
	GlobalSection(SolutionProperties) = preSolution
		HideSolutionNode = FALSE
	EndGlobalSection
	GlobalSection(ExtensibilityGlobals) = postSolution
		SolutionGuid = {45B65453-15A5-4296-B63F-CA2D959468C8}
	EndGlobalSection
EndGlobal
