
Microsoft Visual Studio Solution File, Format Version 12.00
# Visual Studio Version 16
VisualStudioVersion = 16.0.31729.503
MinimumVisualStudioVersion = 10.0.40219.1
Project("{FAE04EC0-301F-11D3-BF4B-00C04F79EFBC}") = "tp1", "tp1\tp1.csproj", "{3B3B61CE-3632-4274-ADD1-FC8D8E021B18}"
EndProject
Global
	GlobalSection(SolutionConfigurationPlatforms) = preSolution
		Debug|Any CPU = Debug|Any CPU
		Release|Any CPU = Release|Any CPU
	EndGlobalSection
	GlobalSection(ProjectConfigurationPlatforms) = postSolution
		{3B3B61CE-3632-4274-ADD1-FC8D8E021B18}.Debug|Any CPU.ActiveCfg = Debug|Any CPU
		{3B3B61CE-3632-4274-ADD1-FC8D8E021B18}.Debug|Any CPU.Build.0 = Debug|Any CPU
		{3B3B61CE-3632-4274-ADD1-FC8D8E021B18}.Release|Any CPU.ActiveCfg = Release|Any CPU
		{3B3B61CE-3632-4274-ADD1-FC8D8E021B18}.Release|Any CPU.Build.0 = Release|Any CPU
	EndGlobalSection
	GlobalSection(SolutionProperties) = preSolution
		HideSolutionNode = FALSE
	EndGlobalSection
	GlobalSection(ExtensibilityGlobals) = postSolution
		SolutionGuid = {080D2E4D-5CEE-4CA8-8738-6F08F146499B}
	EndGlobalSection
EndGlobal
